// !$*UTF8*$!
{
	archiveVersion = 1;
	classes = {
	};
	objectVersion = 46;
	objects = {

/* Begin PBXBuildFile section */
		D21E0E291A8A501100366D57 /* AppDelegate.swift in Sources */ = {isa = PBXBuildFile; fileRef = D21E0E281A8A501100366D57 /* AppDelegate.swift */; };
		D21E0E2B1A8A501100366D57 /* ViewController.swift in Sources */ = {isa = PBXBuildFile; fileRef = D21E0E2A1A8A501100366D57 /* ViewController.swift */; };
		D21E0E2E1A8A501100366D57 /* Main.storyboard in Resources */ = {isa = PBXBuildFile; fileRef = D21E0E2C1A8A501100366D57 /* Main.storyboard */; };
		D21E0E301A8A501100366D57 /* Images.xcassets in Resources */ = {isa = PBXBuildFile; fileRef = D21E0E2F1A8A501100366D57 /* Images.xcassets */; };
		D21E0E331A8A501100366D57 /* LaunchScreen.xib in Resources */ = {isa = PBXBuildFile; fileRef = D21E0E311A8A501100366D57 /* LaunchScreen.xib */; };
		D21E0E3F1A8A501100366D57 /* VBPieChart_swiftTests.swift in Sources */ = {isa = PBXBuildFile; fileRef = D21E0E3E1A8A501100366D57 /* VBPieChart_swiftTests.swift */; };
		D21E0E4D1A8A502D00366D57 /* VBPieChart.m in Sources */ = {isa = PBXBuildFile; fileRef = D21E0E4A1A8A502D00366D57 /* VBPieChart.m */; };
		D21E0E4E1A8A502D00366D57 /* VBPiePiece.m in Sources */ = {isa = PBXBuildFile; fileRef = D21E0E4C1A8A502D00366D57 /* VBPiePiece.m */; };
		D21E0E511A8A533B00366D57 /* UIColor+HexColor.m in Sources */ = {isa = PBXBuildFile; fileRef = D21E0E501A8A533B00366D57 /* UIColor+HexColor.m */; };
/* End PBXBuildFile section */

/* Begin PBXContainerItemProxy section */
		D21E0E391A8A501100366D57 /* PBXContainerItemProxy */ = {
			isa = PBXContainerItemProxy;
			containerPortal = D21E0E1B1A8A501100366D57 /* Project object */;
			proxyType = 1;
			remoteGlobalIDString = D21E0E221A8A501100366D57;
			remoteInfo = VBPieChart_swift;
		};
/* End PBXContainerItemProxy section */

/* Begin PBXFileReference section */
		D21E0E231A8A501100366D57 /* VBPieChart_swift.app */ = {isa = PBXFileReference; explicitFileType = wrapper.application; includeInIndex = 0; path = VBPieChart_swift.app; sourceTree = BUILT_PRODUCTS_DIR; };
		D21E0E271A8A501100366D57 /* Info.plist */ = {isa = PBXFileReference; lastKnownFileType = text.plist.xml; path = Info.plist; sourceTree = "<group>"; };
		D21E0E281A8A501100366D57 /* AppDelegate.swift */ = {isa = PBXFileReference; lastKnownFileType = sourcecode.swift; path = AppDelegate.swift; sourceTree = "<group>"; };
		D21E0E2A1A8A501100366D57 /* ViewController.swift */ = {isa = PBXFileReference; lastKnownFileType = sourcecode.swift; path = ViewController.swift; sourceTree = "<group>"; };
		D21E0E2D1A8A501100366D57 /* Base */ = {isa = PBXFileReference; lastKnownFileType = file.storyboard; name = Base; path = Base.lproj/Main.storyboard; sourceTree = "<group>"; };
		D21E0E2F1A8A501100366D57 /* Images.xcassets */ = {isa = PBXFileReference; lastKnownFileType = folder.assetcatalog; path = Images.xcassets; sourceTree = "<group>"; };
		D21E0E321A8A501100366D57 /* Base */ = {isa = PBXFileReference; lastKnownFileType = file.xib; name = Base; path = Base.lproj/LaunchScreen.xib; sourceTree = "<group>"; };
		D21E0E381A8A501100366D57 /* VBPieChart_swiftTests.xctest */ = {isa = PBXFileReference; explicitFileType = wrapper.cfbundle; includeInIndex = 0; path = VBPieChart_swiftTests.xctest; sourceTree = BUILT_PRODUCTS_DIR; };
		D21E0E3D1A8A501100366D57 /* Info.plist */ = {isa = PBXFileReference; lastKnownFileType = text.plist.xml; path = Info.plist; sourceTree = "<group>"; };
		D21E0E3E1A8A501100366D57 /* VBPieChart_swiftTests.swift */ = {isa = PBXFileReference; lastKnownFileType = sourcecode.swift; path = VBPieChart_swiftTests.swift; sourceTree = "<group>"; };
		D21E0E481A8A502C00366D57 /* VBPieChart_swift-Bridging-Header.h */ = {isa = PBXFileReference; lastKnownFileType = sourcecode.c.h; path = "VBPieChart_swift-Bridging-Header.h"; sourceTree = "<group>"; };
		D21E0E491A8A502D00366D57 /* VBPieChart.h */ = {isa = PBXFileReference; fileEncoding = 4; lastKnownFileType = sourcecode.c.h; name = VBPieChart.h; path = ../../VBPieChart/Classes/VBPieChart.h; sourceTree = "<group>"; };
		D21E0E4A1A8A502D00366D57 /* VBPieChart.m */ = {isa = PBXFileReference; fileEncoding = 4; lastKnownFileType = sourcecode.c.objc; name = VBPieChart.m; path = ../../VBPieChart/Classes/VBPieChart.m; sourceTree = "<group>"; };
		D21E0E4B1A8A502D00366D57 /* VBPiePiece.h */ = {isa = PBXFileReference; fileEncoding = 4; lastKnownFileType = sourcecode.c.h; name = VBPiePiece.h; path = ../../VBPieChart/Classes/VBPiePiece.h; sourceTree = "<group>"; };
		D21E0E4C1A8A502D00366D57 /* VBPiePiece.m */ = {isa = PBXFileReference; fileEncoding = 4; lastKnownFileType = sourcecode.c.objc; name = VBPiePiece.m; path = ../../VBPieChart/Classes/VBPiePiece.m; sourceTree = "<group>"; };
		D21E0E4F1A8A533B00366D57 /* UIColor+HexColor.h */ = {isa = PBXFileReference; fileEncoding = 4; lastKnownFileType = sourcecode.c.h; name = "UIColor+HexColor.h"; path = "../../VBPieChart/Classes/UIColor+HexColor.h"; sourceTree = "<group>"; };
		D21E0E501A8A533B00366D57 /* UIColor+HexColor.m */ = {isa = PBXFileReference; fileEncoding = 4; lastKnownFileType = sourcecode.c.objc; name = "UIColor+HexColor.m"; path = "../../VBPieChart/Classes/UIColor+HexColor.m"; sourceTree = "<group>"; };
/* End PBXFileReference section */

/* Begin PBXFrameworksBuildPhase section */
		D21E0E201A8A501100366D57 /* Frameworks */ = {
			isa = PBXFrameworksBuildPhase;
			buildActionMask = 2147483647;
			files = (
			);
			runOnlyForDeploymentPostprocessing = 0;
		};
		D21E0E351A8A501100366D57 /* Frameworks */ = {
			isa = PBXFrameworksBuildPhase;
			buildActionMask = 2147483647;
			files = (
			);
			runOnlyForDeploymentPostprocessing = 0;
		};
/* End PBXFrameworksBuildPhase section */

/* Begin PBXGroup section */
		D21E0E1A1A8A501100366D57 = {
			isa = PBXGroup;
			children = (
				D21E0E251A8A501100366D57 /* VBPieChart_swift */,
				D21E0E3B1A8A501100366D57 /* VBPieChart_swiftTests */,
				D21E0E241A8A501100366D57 /* Products */,
			);
			sourceTree = "<group>";
		};
		D21E0E241A8A501100366D57 /* Products */ = {
			isa = PBXGroup;
			children = (
				D21E0E231A8A501100366D57 /* VBPieChart_swift.app */,
				D21E0E381A8A501100366D57 /* VBPieChart_swiftTests.xctest */,
			);
			name = Products;
			sourceTree = "<group>";
		};
		D21E0E251A8A501100366D57 /* VBPieChart_swift */ = {
			isa = PBXGroup;
			children = (
				D21E0E281A8A501100366D57 /* AppDelegate.swift */,
				D21E0E2A1A8A501100366D57 /* ViewController.swift */,
				D21E0E2C1A8A501100366D57 /* Main.storyboard */,
				D21E0E2F1A8A501100366D57 /* Images.xcassets */,
				D21E0E311A8A501100366D57 /* LaunchScreen.xib */,
				D21E0E261A8A501100366D57 /* Supporting Files */,
				D21E0E481A8A502C00366D57 /* VBPieChart_swift-Bridging-Header.h */,
				D21E0E491A8A502D00366D57 /* VBPieChart.h */,
				D21E0E4A1A8A502D00366D57 /* VBPieChart.m */,
				D21E0E4B1A8A502D00366D57 /* VBPiePiece.h */,
				D21E0E4C1A8A502D00366D57 /* VBPiePiece.m */,
				D21E0E4F1A8A533B00366D57 /* UIColor+HexColor.h */,
				D21E0E501A8A533B00366D57 /* UIColor+HexColor.m */,
			);
			path = VBPieChart_swift;
			sourceTree = "<group>";
		};
		D21E0E261A8A501100366D57 /* Supporting Files */ = {
			isa = PBXGroup;
			children = (
				D21E0E271A8A501100366D57 /* Info.plist */,
			);
			name = "Supporting Files";
			sourceTree = "<group>";
		};
		D21E0E3B1A8A501100366D57 /* VBPieChart_swiftTests */ = {
			isa = PBXGroup;
			children = (
				D21E0E3E1A8A501100366D57 /* VBPieChart_swiftTests.swift */,
				D21E0E3C1A8A501100366D57 /* Supporting Files */,
			);
			path = VBPieChart_swiftTests;
			sourceTree = "<group>";
		};
		D21E0E3C1A8A501100366D57 /* Supporting Files */ = {
			isa = PBXGroup;
			children = (
				D21E0E3D1A8A501100366D57 /* Info.plist */,
			);
			name = "Supporting Files";
			sourceTree = "<group>";
		};
/* End PBXGroup section */

/* Begin PBXNativeTarget section */
		D21E0E221A8A501100366D57 /* VBPieChart_swift */ = {
			isa = PBXNativeTarget;
			buildConfigurationList = D21E0E421A8A501100366D57 /* Build configuration list for PBXNativeTarget "VBPieChart_swift" */;
			buildPhases = (
				D21E0E1F1A8A501100366D57 /* Sources */,
				D21E0E201A8A501100366D57 /* Frameworks */,
				D21E0E211A8A501100366D57 /* Resources */,
			);
			buildRules = (
			);
			dependencies = (
			);
			name = VBPieChart_swift;
			productName = VBPieChart_swift;
			productReference = D21E0E231A8A501100366D57 /* VBPieChart_swift.app */;
			productType = "com.apple.product-type.application";
		};
		D21E0E371A8A501100366D57 /* VBPieChart_swiftTests */ = {
			isa = PBXNativeTarget;
			buildConfigurationList = D21E0E451A8A501100366D57 /* Build configuration list for PBXNativeTarget "VBPieChart_swiftTests" */;
			buildPhases = (
				D21E0E341A8A501100366D57 /* Sources */,
				D21E0E351A8A501100366D57 /* Frameworks */,
				D21E0E361A8A501100366D57 /* Resources */,
			);
			buildRules = (
			);
			dependencies = (
				D21E0E3A1A8A501100366D57 /* PBXTargetDependency */,
			);
			name = VBPieChart_swiftTests;
			productName = VBPieChart_swiftTests;
			productReference = D21E0E381A8A501100366D57 /* VBPieChart_swiftTests.xctest */;
			productType = "com.apple.product-type.bundle.unit-test";
		};
/* End PBXNativeTarget section */

/* Begin PBXProject section */
		D21E0E1B1A8A501100366D57 /* Project object */ = {
			isa = PBXProject;
			attributes = {
				LastSwiftMigration = 0710;
				LastSwiftUpdateCheck = 0710;
				LastUpgradeCheck = 0610;
				ORGANIZATIONNAME = "Volodymyr Boichentsov";
				TargetAttributes = {
					D21E0E221A8A501100366D57 = {
						CreatedOnToolsVersion = 6.1.1;
					};
					D21E0E371A8A501100366D57 = {
						CreatedOnToolsVersion = 6.1.1;
						TestTargetID = D21E0E221A8A501100366D57;
					};
				};
			};
			buildConfigurationList = D21E0E1E1A8A501100366D57 /* Build configuration list for PBXProject "VBPieChart_swift" */;
			compatibilityVersion = "Xcode 3.2";
			developmentRegion = English;
			hasScannedForEncodings = 0;
			knownRegions = (
				en,
				Base,
			);
			mainGroup = D21E0E1A1A8A501100366D57;
			productRefGroup = D21E0E241A8A501100366D57 /* Products */;
			projectDirPath = "";
			projectRoot = "";
			targets = (
				D21E0E221A8A501100366D57 /* VBPieChart_swift */,
				D21E0E371A8A501100366D57 /* VBPieChart_swiftTests */,
			);
		};
/* End PBXProject section */

/* Begin PBXResourcesBuildPhase section */
		D21E0E211A8A501100366D57 /* Resources */ = {
			isa = PBXResourcesBuildPhase;
			buildActionMask = 2147483647;
			files = (
				D21E0E2E1A8A501100366D57 /* Main.storyboard in Resources */,
				D21E0E331A8A501100366D57 /* LaunchScreen.xib in Resources */,
				D21E0E301A8A501100366D57 /* Images.xcassets in Resources */,
			);
			runOnlyForDeploymentPostprocessing = 0;
		};
		D21E0E361A8A501100366D57 /* Resources */ = {
			isa = PBXResourcesBuildPhase;
			buildActionMask = 2147483647;
			files = (
			);
			runOnlyForDeploymentPostprocessing = 0;
		};
/* End PBXResourcesBuildPhase section */

/* Begin PBXSourcesBuildPhase section */
		D21E0E1F1A8A501100366D57 /* Sources */ = {
			isa = PBXSourcesBuildPhase;
			buildActionMask = 2147483647;
			files = (
				D21E0E2B1A8A501100366D57 /* ViewController.swift in Sources */,
				D21E0E291A8A501100366D57 /* AppDelegate.swift in Sources */,
				D21E0E511A8A533B00366D57 /* UIColor+HexColor.m in Sources */,
				D21E0E4D1A8A502D00366D57 /* VBPieChart.m in Sources */,
				D21E0E4E1A8A502D00366D57 /* VBPiePiece.m in Sources */,
			);
			runOnlyForDeploymentPostprocessing = 0;
		};
		D21E0E341A8A501100366D57 /* Sources */ = {
			isa = PBXSourcesBuildPhase;
			buildActionMask = 2147483647;
			files = (
				D21E0E3F1A8A501100366D57 /* VBPieChart_swiftTests.swift in Sources */,
			);
			runOnlyForDeploymentPostprocessing = 0;
		};
/* End PBXSourcesBuildPhase section */

/* Begin PBXTargetDependency section */
		D21E0E3A1A8A501100366D57 /* PBXTargetDependency */ = {
			isa = PBXTargetDependency;
			target = D21E0E221A8A501100366D57 /* VBPieChart_swift */;
			targetProxy = D21E0E391A8A501100366D57 /* PBXContainerItemProxy */;
		};
/* End PBXTargetDependency section */

/* Begin PBXVariantGroup section */
		D21E0E2C1A8A501100366D57 /* Main.storyboard */ = {
			isa = PBXVariantGroup;
			children = (
				D21E0E2D1A8A501100366D57 /* Base */,
			);
			name = Main.storyboard;
			sourceTree = "<group>";
		};
		D21E0E311A8A501100366D57 /* LaunchScreen.xib */ = {
			isa = PBXVariantGroup;
			children = (
				D21E0E321A8A501100366D57 /* Base */,
			);
			name = LaunchScreen.xib;
			sourceTree = "<group>";
		};
/* End PBXVariantGroup section */

/* Begin XCBuildConfiguration section */
		D21E0E401A8A501100366D57 /* Debug */ = {
			isa = XCBuildConfiguration;
			buildSettings = {
				ALWAYS_SEARCH_USER_PATHS = NO;
				CLANG_CXX_LANGUAGE_STANDARD = "gnu++0x";
				CLANG_CXX_LIBRARY = "libc++";
				CLANG_ENABLE_MODULES = YES;
				CLANG_ENABLE_OBJC_ARC = YES;
				CLANG_WARN_BOOL_CONVERSION = YES;
				CLANG_WARN_CONSTANT_CONVERSION = YES;
				CLANG_WARN_DIRECT_OBJC_ISA_USAGE = YES_ERROR;
				CLANG_WARN_EMPTY_BODY = YES;
				CLANG_WARN_ENUM_CONVERSION = YES;
				CLANG_WARN_INT_CONVERSION = YES;
				CLANG_WARN_OBJC_ROOT_CLASS = YES_ERROR;
				CLANG_WARN_UNREACHABLE_CODE = YES;
				CLANG_WARN__DUPLICATE_METHOD_MATCH = YES;
				"CODE_SIGN_IDENTITY[sdk=iphoneos*]" = "iPhone Developer";
				COPY_PHASE_STRIP = NO;
				ENABLE_STRICT_OBJC_MSGSEND = YES;
				GCC_C_LANGUAGE_STANDARD = gnu99;
				GCC_DYNAMIC_NO_PIC = NO;
				GCC_OPTIMIZATION_LEVEL = 0;
				GCC_PREPROCESSOR_DEFINITIONS = (
					"DEBUG=1",
					"$(inherited)",
				);
				GCC_SYMBOLS_PRIVATE_EXTERN = NO;
				GCC_WARN_64_TO_32_BIT_CONVERSION = YES;
				GCC_WARN_ABOUT_RETURN_TYPE = YES_ERROR;
				GCC_WARN_UNDECLARED_SELECTOR = YES;
				GCC_WARN_UNINITIALIZED_AUTOS = YES_AGGRESSIVE;
				GCC_WARN_UNUSED_FUNCTION = YES;
				GCC_WARN_UNUSED_VARIABLE = YES;
				IPHONEOS_DEPLOYMENT_TARGET = 8.1;
				MTL_ENABLE_DEBUG_INFO = YES;
				ONLY_ACTIVE_ARCH = YES;
				SDKROOT = iphoneos;
				SWIFT_OPTIMIZATION_LEVEL = "-Onone";
				TARGETED_DEVICE_FAMILY = "1,2";
			};
			name = Debug;
		};
		D21E0E411A8A501100366D57 /* Release */ = {
			isa = XCBuildConfiguration;
			buildSettings = {
				ALWAYS_SEARCH_USER_PATHS = NO;
				CLANG_CXX_LANGUAGE_STANDARD = "gnu++0x";
				CLANG_CXX_LIBRARY = "libc++";
				CLANG_ENABLE_MODULES = YES;
				CLANG_ENABLE_OBJC_ARC = YES;
				CLANG_WARN_BOOL_CONVERSION = YES;
				CLANG_WARN_CONSTANT_CONVERSION = YES;
				CLANG_WARN_DIRECT_OBJC_ISA_USAGE = YES_ERROR;
				CLANG_WARN_EMPTY_BODY = YES;
				CLANG_WARN_ENUM_CONVERSION = YES;
				CLANG_WARN_INT_CONVERSION = YES;
				CLANG_WARN_OBJC_ROOT_CLASS = YES_ERROR;
				CLANG_WARN_UNREACHABLE_CODE = YES;
				CLANG_WARN__DUPLICATE_METHOD_MATCH = YES;
				"CODE_SIGN_IDENTITY[sdk=iphoneos*]" = "iPhone Developer";
				COPY_PHASE_STRIP = YES;
				ENABLE_NS_ASSERTIONS = NO;
				ENABLE_STRICT_OBJC_MSGSEND = YES;
				GCC_C_LANGUAGE_STANDARD = gnu99;
				GCC_WARN_64_TO_32_BIT_CONVERSION = YES;
				GCC_WARN_ABOUT_RETURN_TYPE = YES_ERROR;
				GCC_WARN_UNDECLARED_SELECTOR = YES;
				GCC_WARN_UNINITIALIZED_AUTOS = YES_AGGRESSIVE;
				GCC_WARN_UNUSED_FUNCTION = YES;
				GCC_WARN_UNUSED_VARIABLE = YES;
				IPHONEOS_DEPLOYMENT_TARGET = 8.1;
				MTL_ENABLE_DEBUG_INFO = NO;
				SDKROOT = iphoneos;
				TARGETED_DEVICE_FAMILY = "1,2";
				VALIDATE_PRODUCT = YES;
			};
			name = Release;
		};
		D21E0E431A8A501100366D57 /* Debug */ = {
			isa = XCBuildConfiguration;
			buildSettings = {
				ASSETCATALOG_COMPILER_APPICON_NAME = AppIcon;
				CLANG_ENABLE_MODULES = YES;
				INFOPLIST_FILE = VBPieChart_swift/Info.plist;
				LD_RUNPATH_SEARCH_PATHS = "$(inherited) @executable_path/Frameworks";
				PRODUCT_NAME = "$(TARGET_NAME)";
				SWIFT_OBJC_BRIDGING_HEADER = "VBPieChart_swift/VBPieChart_swift-Bridging-Header.h";
				SWIFT_OPTIMIZATION_LEVEL = "-Onone";
			};
			name = Debug;
		};
		D21E0E441A8A501100366D57 /* Release */ = {
			isa = XCBuildConfiguration;
			buildSettings = {
				ASSETCATALOG_COMPILER_APPICON_NAME = AppIcon;
				CLANG_ENABLE_MODULES = YES;
				INFOPLIST_FILE = VBPieChart_swift/Info.plist;
				LD_RUNPATH_SEARCH_PATHS = "$(inherited) @executable_path/Frameworks";
				PRODUCT_NAME = "$(TARGET_NAME)";
				SWIFT_OBJC_BRIDGING_HEADER = "VBPieChart_swift/VBPieChart_swift-Bridging-Header.h";
			};
			name = Release;
		};
		D21E0E461A8A501100366D57 /* Debug */ = {
			isa = XCBuildConfiguration;
			buildSettings = {
				BUNDLE_LOADER = "$(TEST_HOST)";
				FRAMEWORK_SEARCH_PATHS = (
					"$(SDKROOT)/Developer/Library/Frameworks",
					"$(inherited)",
				);
				GCC_PREPROCESSOR_DEFINITIONS = (
					"DEBUG=1",
					"$(inherited)",
				);
				INFOPLIST_FILE = VBPieChart_swiftTests/Info.plist;
				LD_RUNPATH_SEARCH_PATHS = "$(inherited) @executable_path/Frameworks @loader_path/Frameworks";
				PRODUCT_NAME = "$(TARGET_NAME)";
				TEST_HOST = "$(BUILT_PRODUCTS_DIR)/VBPieChart_swift.app/VBPieChart_swift";
			};
			name = Debug;
		};
		D21E0E471A8A501100366D57 /* Release */ = {
			isa = XCBuildConfiguration;
			buildSettings = {
				BUNDLE_LOADER = "$(TEST_HOST)";
				FRAMEWORK_SEARCH_PATHS = (
					"$(SDKROOT)/Developer/Library/Frameworks",
					"$(inherited)",
				);
				INFOPLIST_FILE = VBPieChart_swiftTests/Info.plist;
				LD_RUNPATH_SEARCH_PATHS = "$(inherited) @executable_path/Frameworks @loader_path/Frameworks";
				PRODUCT_NAME = "$(TARGET_NAME)";
				TEST_HOST = "$(BUILT_PRODUCTS_DIR)/VBPieChart_swift.app/VBPieChart_swift";
			};
			name = Release;
		};
/* End XCBuildConfiguration section */

/* Begin XCConfigurationList section */
		D21E0E1E1A8A501100366D57 /* Build configuration list for PBXProject "VBPieChart_swift" */ = {
			isa = XCConfigurationList;
			buildConfigurations = (
				D21E0E401A8A501100366D57 /* Debug */,
				D21E0E411A8A501100366D57 /* Release */,
			);
			defaultConfigurationIsVisible = 0;
			defaultConfigurationName = Release;
		};
		D21E0E421A8A501100366D57 /* Build configuration list for PBXNativeTarget "VBPieChart_swift" */ = {
			isa = XCConfigurationList;
			buildConfigurations = (
				D21E0E431A8A501100366D57 /* Debug */,
				D21E0E441A8A501100366D57 /* Release */,
			);
			defaultConfigurationIsVisible = 0;
			defaultConfigurationName = Release;
		};
		D21E0E451A8A501100366D57 /* Build configuration list for PBXNativeTarget "VBPieChart_swiftTests" */ = {
			isa = XCConfigurationList;
			buildConfigurations = (
				D21E0E461A8A501100366D57 /* Debug */,
				D21E0E471A8A501100366D57 /* Release */,
			);
			defaultConfigurationIsVisible = 0;
			defaultConfigurationName = Release;
		};
/* End XCConfigurationList section */
	};
	rootObject = D21E0E1B1A8A501100366D57 /* Project object */;
}
